
Microsoft Visual Studio Solution File, Format Version 12.00
# Visual Studio Version 17
VisualStudioVersion = 17.4.33122.133
MinimumVisualStudioVersion = 10.0.40219.1
Project("{FAE04EC0-301F-11D3-BF4B-00C04F79EFBC}") = "ChatRoomAPI", "ChatRoomAPI\ChatRoomAPI.csproj", "{FBC16E69-9A2A-4F3B-8EF1-C2268E414738}"
EndProject
Global
	GlobalSection(SolutionConfigurationPlatforms) = preSolution
		Debug|Any CPU = Debug|Any CPU
		Release|Any CPU = Release|Any CPU
	EndGlobalSection
	GlobalSection(ProjectConfigurationPlatforms) = postSolution
		{FBC16E69-9A2A-4F3B-8EF1-C2268E414738}.Debug|Any CPU.ActiveCfg = Debug|Any CPU
		{FBC16E69-9A2A-4F3B-8EF1-C2268E414738}.Debug|Any CPU.Build.0 = Debug|Any CPU
		{FBC16E69-9A2A-4F3B-8EF1-C2268E414738}.Release|Any CPU.ActiveCfg = Release|Any CPU
		{FBC16E69-9A2A-4F3B-8EF1-C2268E414738}.Release|Any CPU.Build.0 = Release|Any CPU
	EndGlobalSection
	GlobalSection(SolutionProperties) = preSolution
		HideSolutionNode = FALSE
	EndGlobalSection
	GlobalSection(ExtensibilityGlobals) = postSolution
		SolutionGuid = {AC26ED1A-8D3A-443C-97D4-B08B2134914B}
	EndGlobalSection
EndGlobal
